{
  "name": "suno-deno",
  "version": "0.7.0",
  "lockfileVersion": 3,
  "requires": true,
  "packages": {
    "": {
      "name": "suno-deno",
      "version": "0.7.0",
      "license": "MIT",
      "dependencies": {
        "suno-deno": "^0.7.0"
      }
    },
    "node_modules/suno-deno": {
      "version": "0.7.0",
      "resolved": "https://registry.npmjs.org/suno-deno/-/suno-deno-0.7.0.tgz",
      "integrity": "sha512-HlCrg+Vx9y4s42Bbh7PJRDzM/KjtI9+338PLldRshoCZSIFxBZJpprR7PVHVOm6WcDQ18RHjxQIEfd4aAuAUXg=="
    }
  }
}
