{
  "name": "Suno-ma",
  "version": "1.0.0",
  "lockfileVersion": 3,
  "requires": true,
  "packages": {
    "": {
      "name": "Suno-ma",
      "version": "1.0.0",
      "license": "MIT",
      "dependencies": {
        "hono": "^4.3.11"
      }
    },
    "node_modules/hono": {
      "version": "4.3.11",
      "resolved": "https://registry.npmjs.org/hono/-/hono-4.3.11.tgz",
      "integrity": "sha512-Hle1uNqJJKkebFkFEEWr3UAElJP922Xy0STfl8c+1PH1q+l6WrmhwAJFS6YH8ZWJY4z46qJtssbyVwwPm3dP5w==",
      "engines": {
        "node": ">=16.0.0"
      }
    }
  }
}
